// !$*UTF8*$!
{
	archiveVersion = 1;
	classes = {
	};
	objectVersion = 51;
	objects = {

/* Begin PBXBuildFile section */
		12B05E606A40542EE9F06165 /* Pods_ClinicNotes.framework in Frameworks */ = {isa = PBXBuildFile; fileRef = 7BEA25B461A3A433226ED4B3 /* Pods_ClinicNotes.framework */; };
		FA2CBA41253F12E900CB0A28 /* CustomRecentsCell.swift in Sources */ = {isa = PBXBuildFile; fileRef = FA2CBA40253F12E900CB0A28 /* CustomRecentsCell.swift */; };
		FA2CBA43253F930B00CB0A28 /* UserProfile.swift in Sources */ = {isa = PBXBuildFile; fileRef = FA2CBA42253F930B00CB0A28 /* UserProfile.swift */; };
		FA34B6482535E66500B0A619 /* NewDeviceViewController.swift in Sources */ = {isa = PBXBuildFile; fileRef = FA34B6472535E66500B0A619 /* NewDeviceViewController.swift */; };
		FA5622882534E86800DBCFC5 /* DeviceModel.swift in Sources */ = {isa = PBXBuildFile; fileRef = FA5622872534E86800DBCFC5 /* DeviceModel.swift */; };
		FA7952C225288C0D009D3315 /* AppDelegate.swift in Sources */ = {isa = PBXBuildFile; fileRef = FA7952C125288C0D009D3315 /* AppDelegate.swift */; };
		FA7952C425288C0D009D3315 /* SceneDelegate.swift in Sources */ = {isa = PBXBuildFile; fileRef = FA7952C325288C0D009D3315 /* SceneDelegate.swift */; };
		FA7952C925288C0D009D3315 /* Main.storyboard in Resources */ = {isa = PBXBuildFile; fileRef = FA7952C725288C0D009D3315 /* Main.storyboard */; };
		FA7952CC25288C0D009D3315 /* ClinicNotes.xcdatamodeld in Sources */ = {isa = PBXBuildFile; fileRef = FA7952CA25288C0D009D3315 /* ClinicNotes.xcdatamodeld */; };
		FA7952CE25288C0F009D3315 /* Assets.xcassets in Resources */ = {isa = PBXBuildFile; fileRef = FA7952CD25288C0F009D3315 /* Assets.xcassets */; };
		FA7952D125288C0F009D3315 /* LaunchScreen.storyboard in Resources */ = {isa = PBXBuildFile; fileRef = FA7952CF25288C0F009D3315 /* LaunchScreen.storyboard */; };
		FA7952D925288E59009D3315 /* LoginViewController.swift in Sources */ = {isa = PBXBuildFile; fileRef = FA7952D825288E59009D3315 /* LoginViewController.swift */; };
		FA7952DB25288E96009D3315 /* SignInViewController.swift in Sources */ = {isa = PBXBuildFile; fileRef = FA7952DA25288E96009D3315 /* SignInViewController.swift */; };
		FA7952DD25288EA5009D3315 /* SignUpViewController.swift in Sources */ = {isa = PBXBuildFile; fileRef = FA7952DC25288EA5009D3315 /* SignUpViewController.swift */; };
		FA7952E32528907D009D3315 /* Extansions.swift in Sources */ = {isa = PBXBuildFile; fileRef = FA7952E22528907D009D3315 /* Extansions.swift */; };
		FA7952E925289092009D3315 /* ClinicModel.swift in Sources */ = {isa = PBXBuildFile; fileRef = FA7952E825289092009D3315 /* ClinicModel.swift */; };
		FA7952EA25289092009D3315 /* CustomClinicCell.swift in Sources */ = {isa = PBXBuildFile; fileRef = FA7952E525289091009D3315 /* CustomClinicCell.swift */; };
		FA7952F1252891DB009D3315 /* ClinicViewController.swift in Sources */ = {isa = PBXBuildFile; fileRef = FA7952F0252891DB009D3315 /* ClinicViewController.swift */; };
		FA7952F3252891E8009D3315 /* DetailClinicViewController.swift in Sources */ = {isa = PBXBuildFile; fileRef = FA7952F2252891E8009D3315 /* DetailClinicViewController.swift */; };
		FA7952F72528A124009D3315 /* MyRef.swift in Sources */ = {isa = PBXBuildFile; fileRef = FA7952F62528A124009D3315 /* MyRef.swift */; };
		FA7952F92528B190009D3315 /* GoogleService-Info.plist in Resources */ = {isa = PBXBuildFile; fileRef = FA7952F82528B190009D3315 /* GoogleService-Info.plist */; };
		FA7952FB25292370009D3315 /* DevicesViewController.swift in Sources */ = {isa = PBXBuildFile; fileRef = FA7952FA25292370009D3315 /* DevicesViewController.swift */; };
		FABB3F7B252F73DC00A828D8 /* MapViewController.swift in Sources */ = {isa = PBXBuildFile; fileRef = FABB3F7A252F73DC00A828D8 /* MapViewController.swift */; };
		FABB3F7D252F9C1D00A828D8 /* MapManager.swift in Sources */ = {isa = PBXBuildFile; fileRef = FABB3F7C252F9C1D00A828D8 /* MapManager.swift */; };
		FAE4267225376389005B0E73 /* CustomDeviceCell.swift in Sources */ = {isa = PBXBuildFile; fileRef = FAE4267125376389005B0E73 /* CustomDeviceCell.swift */; };
		FAE426742537685A005B0E73 /* NotesViewController.swift in Sources */ = {isa = PBXBuildFile; fileRef = FAE426732537685A005B0E73 /* NotesViewController.swift */; };
		FAE4267625376D5F005B0E73 /* NewNotesViewController.swift in Sources */ = {isa = PBXBuildFile; fileRef = FAE4267525376D5F005B0E73 /* NewNotesViewController.swift */; };
		FAE4267825377038005B0E73 /* NoteModel.swift in Sources */ = {isa = PBXBuildFile; fileRef = FAE4267725377038005B0E73 /* NoteModel.swift */; };
		FAEC5416253E4FB300F9A18A /* RecentsViewController.swift in Sources */ = {isa = PBXBuildFile; fileRef = FAEC5415253E4FB300F9A18A /* RecentsViewController.swift */; };
/* End PBXBuildFile section */

/* Begin PBXFileReference section */
		0A5E5422408EA9AF4EFD0082 /* Pods-ClinicNotes.debug.xcconfig */ = {isa = PBXFileReference; includeInIndex = 1; lastKnownFileType = text.xcconfig; name = "Pods-ClinicNotes.debug.xcconfig"; path = "Target Support Files/Pods-ClinicNotes/Pods-ClinicNotes.debug.xcconfig"; sourceTree = "<group>"; };
		64F4855C1D16D7059E76FC28 /* Pods-ClinicNotes.release.xcconfig */ = {isa = PBXFileReference; includeInIndex = 1; lastKnownFileType = text.xcconfig; name = "Pods-ClinicNotes.release.xcconfig"; path = "Target Support Files/Pods-ClinicNotes/Pods-ClinicNotes.release.xcconfig"; sourceTree = "<group>"; };
		7BEA25B461A3A433226ED4B3 /* Pods_ClinicNotes.framework */ = {isa = PBXFileReference; explicitFileType = wrapper.framework; includeInIndex = 0; path = Pods_ClinicNotes.framework; sourceTree = BUILT_PRODUCTS_DIR; };
		FA2CBA40253F12E900CB0A28 /* CustomRecentsCell.swift */ = {isa = PBXFileReference; lastKnownFileType = sourcecode.swift; path = CustomRecentsCell.swift; sourceTree = "<group>"; };
		FA2CBA42253F930B00CB0A28 /* UserProfile.swift */ = {isa = PBXFileReference; fileEncoding = 4; lastKnownFileType = sourcecode.swift; path = UserProfile.swift; sourceTree = "<group>"; };
		FA34B6472535E66500B0A619 /* NewDeviceViewController.swift */ = {isa = PBXFileReference; lastKnownFileType = sourcecode.swift; path = NewDeviceViewController.swift; sourceTree = "<group>"; };
		FA5622872534E86800DBCFC5 /* DeviceModel.swift */ = {isa = PBXFileReference; lastKnownFileType = sourcecode.swift; path = DeviceModel.swift; sourceTree = "<group>"; };
		FA7952BE25288C0D009D3315 /* ClinicNotes.app */ = {isa = PBXFileReference; explicitFileType = wrapper.application; includeInIndex = 0; path = ClinicNotes.app; sourceTree = BUILT_PRODUCTS_DIR; };
		FA7952C125288C0D009D3315 /* AppDelegate.swift */ = {isa = PBXFileReference; lastKnownFileType = sourcecode.swift; path = AppDelegate.swift; sourceTree = "<group>"; };
		FA7952C325288C0D009D3315 /* SceneDelegate.swift */ = {isa = PBXFileReference; lastKnownFileType = sourcecode.swift; path = SceneDelegate.swift; sourceTree = "<group>"; };
		FA7952C825288C0D009D3315 /* Base */ = {isa = PBXFileReference; lastKnownFileType = file.storyboard; name = Base; path = Base.lproj/Main.storyboard; sourceTree = "<group>"; };
		FA7952CB25288C0D009D3315 /* ClinicNotes.xcdatamodel */ = {isa = PBXFileReference; lastKnownFileType = wrapper.xcdatamodel; path = ClinicNotes.xcdatamodel; sourceTree = "<group>"; };
		FA7952CD25288C0F009D3315 /* Assets.xcassets */ = {isa = PBXFileReference; lastKnownFileType = folder.assetcatalog; path = Assets.xcassets; sourceTree = "<group>"; };
		FA7952D025288C0F009D3315 /* Base */ = {isa = PBXFileReference; lastKnownFileType = file.storyboard; name = Base; path = Base.lproj/LaunchScreen.storyboard; sourceTree = "<group>"; };
		FA7952D225288C0F009D3315 /* Info.plist */ = {isa = PBXFileReference; lastKnownFileType = text.plist.xml; path = Info.plist; sourceTree = "<group>"; };
		FA7952D825288E59009D3315 /* LoginViewController.swift */ = {isa = PBXFileReference; lastKnownFileType = sourcecode.swift; path = LoginViewController.swift; sourceTree = "<group>"; };
		FA7952DA25288E96009D3315 /* SignInViewController.swift */ = {isa = PBXFileReference; lastKnownFileType = sourcecode.swift; path = SignInViewController.swift; sourceTree = "<group>"; };
		FA7952DC25288EA5009D3315 /* SignUpViewController.swift */ = {isa = PBXFileReference; lastKnownFileType = sourcecode.swift; path = SignUpViewController.swift; sourceTree = "<group>"; };
		FA7952E22528907D009D3315 /* Extansions.swift */ = {isa = PBXFileReference; lastKnownFileType = sourcecode.swift; path = Extansions.swift; sourceTree = "<group>"; };
		FA7952E525289091009D3315 /* CustomClinicCell.swift */ = {isa = PBXFileReference; lastKnownFileType = sourcecode.swift; path = CustomClinicCell.swift; sourceTree = "<group>"; };
		FA7952E825289092009D3315 /* ClinicModel.swift */ = {isa = PBXFileReference; lastKnownFileType = sourcecode.swift; path = ClinicModel.swift; sourceTree = "<group>"; };
		FA7952F0252891DB009D3315 /* ClinicViewController.swift */ = {isa = PBXFileReference; lastKnownFileType = sourcecode.swift; path = ClinicViewController.swift; sourceTree = "<group>"; };
		FA7952F2252891E8009D3315 /* DetailClinicViewController.swift */ = {isa = PBXFileReference; lastKnownFileType = sourcecode.swift; path = DetailClinicViewController.swift; sourceTree = "<group>"; };
		FA7952F62528A124009D3315 /* MyRef.swift */ = {isa = PBXFileReference; lastKnownFileType = sourcecode.swift; path = MyRef.swift; sourceTree = "<group>"; };
		FA7952F82528B190009D3315 /* GoogleService-Info.plist */ = {isa = PBXFileReference; fileEncoding = 4; lastKnownFileType = text.plist.xml; path = "GoogleService-Info.plist"; sourceTree = "<group>"; };
		FA7952FA25292370009D3315 /* DevicesViewController.swift */ = {isa = PBXFileReference; lastKnownFileType = sourcecode.swift; path = DevicesViewController.swift; sourceTree = "<group>"; };
		FABB3F7A252F73DC00A828D8 /* MapViewController.swift */ = {isa = PBXFileReference; lastKnownFileType = sourcecode.swift; path = MapViewController.swift; sourceTree = "<group>"; };
		FABB3F7C252F9C1D00A828D8 /* MapManager.swift */ = {isa = PBXFileReference; lastKnownFileType = sourcecode.swift; path = MapManager.swift; sourceTree = "<group>"; };
		FAE4267125376389005B0E73 /* CustomDeviceCell.swift */ = {isa = PBXFileReference; lastKnownFileType = sourcecode.swift; path = CustomDeviceCell.swift; sourceTree = "<group>"; };
		FAE426732537685A005B0E73 /* NotesViewController.swift */ = {isa = PBXFileReference; lastKnownFileType = sourcecode.swift; path = NotesViewController.swift; sourceTree = "<group>"; };
		FAE4267525376D5F005B0E73 /* NewNotesViewController.swift */ = {isa = PBXFileReference; lastKnownFileType = sourcecode.swift; path = NewNotesViewController.swift; sourceTree = "<group>"; };
		FAE4267725377038005B0E73 /* NoteModel.swift */ = {isa = PBXFileReference; lastKnownFileType = sourcecode.swift; path = NoteModel.swift; sourceTree = "<group>"; };
		FAEC5415253E4FB300F9A18A /* RecentsViewController.swift */ = {isa = PBXFileReference; lastKnownFileType = sourcecode.swift; path = RecentsViewController.swift; sourceTree = "<group>"; };
/* End PBXFileReference section */

/* Begin PBXFrameworksBuildPhase section */
		FA7952BB25288C0D009D3315 /* Frameworks */ = {
			isa = PBXFrameworksBuildPhase;
			buildActionMask = 2147483647;
			files = (
				12B05E606A40542EE9F06165 /* Pods_ClinicNotes.framework in Frameworks */,
			);
			runOnlyForDeploymentPostprocessing = 0;
		};
/* End PBXFrameworksBuildPhase section */

/* Begin PBXGroup section */
		03DA62DADB5E4A8FD43A0249 /* Frameworks */ = {
			isa = PBXGroup;
			children = (
				7BEA25B461A3A433226ED4B3 /* Pods_ClinicNotes.framework */,
			);
			name = Frameworks;
			sourceTree = "<group>";
		};
		C8C91AFE18E28AA811EB9339 /* Pods */ = {
			isa = PBXGroup;
			children = (
				0A5E5422408EA9AF4EFD0082 /* Pods-ClinicNotes.debug.xcconfig */,
				64F4855C1D16D7059E76FC28 /* Pods-ClinicNotes.release.xcconfig */,
			);
			path = Pods;
			sourceTree = "<group>";
		};
		FA7952B525288C0D009D3315 = {
			isa = PBXGroup;
			children = (
				FA7952C025288C0D009D3315 /* ClinicNotes */,
				FA7952BF25288C0D009D3315 /* Products */,
				C8C91AFE18E28AA811EB9339 /* Pods */,
				03DA62DADB5E4A8FD43A0249 /* Frameworks */,
			);
			sourceTree = "<group>";
		};
		FA7952BF25288C0D009D3315 /* Products */ = {
			isa = PBXGroup;
			children = (
				FA7952BE25288C0D009D3315 /* ClinicNotes.app */,
			);
			name = Products;
			sourceTree = "<group>";
		};
		FA7952C025288C0D009D3315 /* ClinicNotes */ = {
			isa = PBXGroup;
			children = (
				FA7952C125288C0D009D3315 /* AppDelegate.swift */,
				FA7952C325288C0D009D3315 /* SceneDelegate.swift */,
				FA7952D825288E59009D3315 /* LoginViewController.swift */,
				FA7952DA25288E96009D3315 /* SignInViewController.swift */,
				FA7952DC25288EA5009D3315 /* SignUpViewController.swift */,
				FA7952F0252891DB009D3315 /* ClinicViewController.swift */,
				FA7952F2252891E8009D3315 /* DetailClinicViewController.swift */,
				FA7952FA25292370009D3315 /* DevicesViewController.swift */,
				FA34B6472535E66500B0A619 /* NewDeviceViewController.swift */,
				FAE426732537685A005B0E73 /* NotesViewController.swift */,
				FAE4267525376D5F005B0E73 /* NewNotesViewController.swift */,
				FAEC5415253E4FB300F9A18A /* RecentsViewController.swift */,
				FABB3F7A252F73DC00A828D8 /* MapViewController.swift */,
				FA7952EF25289128009D3315 /* Helpers */,
				FA7952EE25289111009D3315 /* View */,
				FA7952ED252890D9009D3315 /* Models */,
				FA7952C725288C0D009D3315 /* Main.storyboard */,
				FA7952CD25288C0F009D3315 /* Assets.xcassets */,
				FA7952CF25288C0F009D3315 /* LaunchScreen.storyboard */,
				FA7952D225288C0F009D3315 /* Info.plist */,
				FA7952F82528B190009D3315 /* GoogleService-Info.plist */,
				FA7952CA25288C0D009D3315 /* ClinicNotes.xcdatamodeld */,
			);
			path = ClinicNotes;
			sourceTree = "<group>";
		};
		FA7952ED252890D9009D3315 /* Models */ = {
			isa = PBXGroup;
			children = (
				FA2CBA42253F930B00CB0A28 /* UserProfile.swift */,
				FA7952E825289092009D3315 /* ClinicModel.swift */,
				FA5622872534E86800DBCFC5 /* DeviceModel.swift */,
				FAE4267725377038005B0E73 /* NoteModel.swift */,
			);
			path = Models;
			sourceTree = "<group>";
		};
		FA7952EE25289111009D3315 /* View */ = {
			isa = PBXGroup;
			children = (
				FA7952E525289091009D3315 /* CustomClinicCell.swift */,
				FAE4267125376389005B0E73 /* CustomDeviceCell.swift */,
				FA2CBA40253F12E900CB0A28 /* CustomRecentsCell.swift */,
			);
			path = View;
			sourceTree = "<group>";
		};
		FA7952EF25289128009D3315 /* Helpers */ = {
			isa = PBXGroup;
			children = (
				FA7952E22528907D009D3315 /* Extansions.swift */,
				FA7952F62528A124009D3315 /* MyRef.swift */,
				FABB3F7C252F9C1D00A828D8 /* MapManager.swift */,
			);
			path = Helpers;
			sourceTree = "<group>";
		};
/* End PBXGroup section */

/* Begin PBXNativeTarget section */
		FA7952BD25288C0D009D3315 /* ClinicNotes */ = {
			isa = PBXNativeTarget;
			buildConfigurationList = FA7952D525288C0F009D3315 /* Build configuration list for PBXNativeTarget "ClinicNotes" */;
			buildPhases = (
				18A540C7B9A39BD39CBA3F8F /* [CP] Check Pods Manifest.lock */,
				FA7952BA25288C0D009D3315 /* Sources */,
				FA7952BB25288C0D009D3315 /* Frameworks */,
				FA7952BC25288C0D009D3315 /* Resources */,
				29C11C53AFF4A019652CD303 /* [CP] Embed Pods Frameworks */,
				0E676445A5196DE71FC32CF8 /* [CP] Copy Pods Resources */,
			);
			buildRules = (
			);
			dependencies = (
			);
			name = ClinicNotes;
			productName = ClinicNotes;
			productReference = FA7952BE25288C0D009D3315 /* ClinicNotes.app */;
			productType = "com.apple.product-type.application";
		};
/* End PBXNativeTarget section */

/* Begin PBXProject section */
		FA7952B625288C0D009D3315 /* Project object */ = {
			isa = PBXProject;
			attributes = {
				LastSwiftUpdateCheck = 1160;
				LastUpgradeCheck = 1160;
				ORGANIZATIONNAME = "Blezin'sDev";
				TargetAttributes = {
					FA7952BD25288C0D009D3315 = {
						CreatedOnToolsVersion = 11.6;
					};
				};
			};
			buildConfigurationList = FA7952B925288C0D009D3315 /* Build configuration list for PBXProject "ClinicNotes" */;
			compatibilityVersion = "Xcode 9.3";
			developmentRegion = en;
			hasScannedForEncodings = 0;
			knownRegions = (
				en,
				Base,
			);
			mainGroup = FA7952B525288C0D009D3315;
			productRefGroup = FA7952BF25288C0D009D3315 /* Products */;
			projectDirPath = "";
			projectRoot = "";
			targets = (
				FA7952BD25288C0D009D3315 /* ClinicNotes */,
			);
		};
/* End PBXProject section */

/* Begin PBXResourcesBuildPhase section */
		FA7952BC25288C0D009D3315 /* Resources */ = {
			isa = PBXResourcesBuildPhase;
			buildActionMask = 2147483647;
			files = (
				FA7952D125288C0F009D3315 /* LaunchScreen.storyboard in Resources */,
				FA7952CE25288C0F009D3315 /* Assets.xcassets in Resources */,
				FA7952C925288C0D009D3315 /* Main.storyboard in Resources */,
				FA7952F92528B190009D3315 /* GoogleService-Info.plist in Resources */,
			);
			runOnlyForDeploymentPostprocessing = 0;
		};
/* End PBXResourcesBuildPhase section */

/* Begin PBXShellScriptBuildPhase section */
		0E676445A5196DE71FC32CF8 /* [CP] Copy Pods Resources */ = {
			isa = PBXShellScriptBuildPhase;
			buildActionMask = 2147483647;
			files = (
			);
			inputFileListPaths = (
				"${PODS_ROOT}/Target Support Files/Pods-ClinicNotes/Pods-ClinicNotes-resources-${CONFIGURATION}-input-files.xcfilelist",
			);
			name = "[CP] Copy Pods Resources";
			outputFileListPaths = (
				"${PODS_ROOT}/Target Support Files/Pods-ClinicNotes/Pods-ClinicNotes-resources-${CONFIGURATION}-output-files.xcfilelist",
			);
			runOnlyForDeploymentPostprocessing = 0;
			shellPath = /bin/sh;
			shellScript = "\"${PODS_ROOT}/Target Support Files/Pods-ClinicNotes/Pods-ClinicNotes-resources.sh\"\n";
			showEnvVarsInLog = 0;
		};
		18A540C7B9A39BD39CBA3F8F /* [CP] Check Pods Manifest.lock */ = {
			isa = PBXShellScriptBuildPhase;
			buildActionMask = 2147483647;
			files = (
			);
			inputFileListPaths = (
			);
			inputPaths = (
				"${PODS_PODFILE_DIR_PATH}/Podfile.lock",
				"${PODS_ROOT}/Manifest.lock",
			);
			name = "[CP] Check Pods Manifest.lock";
			outputFileListPaths = (
			);
			outputPaths = (
				"$(DERIVED_FILE_DIR)/Pods-ClinicNotes-checkManifestLockResult.txt",
			);
			runOnlyForDeploymentPostprocessing = 0;
			shellPath = /bin/sh;
			shellScript = "diff \"${PODS_PODFILE_DIR_PATH}/Podfile.lock\" \"${PODS_ROOT}/Manifest.lock\" > /dev/null\nif [ $? != 0 ] ; then\n    # print error to STDERR\n    echo \"error: The sandbox is not in sync with the Podfile.lock. Run 'pod install' or update your CocoaPods installation.\" >&2\n    exit 1\nfi\n# This output is used by Xcode 'outputs' to avoid re-running this script phase.\necho \"SUCCESS\" > \"${SCRIPT_OUTPUT_FILE_0}\"\n";
			showEnvVarsInLog = 0;
		};
		29C11C53AFF4A019652CD303 /* [CP] Embed Pods Frameworks */ = {
			isa = PBXShellScriptBuildPhase;
			buildActionMask = 2147483647;
			files = (
			);
			inputFileListPaths = (
				"${PODS_ROOT}/Target Support Files/Pods-ClinicNotes/Pods-ClinicNotes-frameworks-${CONFIGURATION}-input-files.xcfilelist",
			);
			name = "[CP] Embed Pods Frameworks";
			outputFileListPaths = (
				"${PODS_ROOT}/Target Support Files/Pods-ClinicNotes/Pods-ClinicNotes-frameworks-${CONFIGURATION}-output-files.xcfilelist",
			);
			runOnlyForDeploymentPostprocessing = 0;
			shellPath = /bin/sh;
			shellScript = "\"${PODS_ROOT}/Target Support Files/Pods-ClinicNotes/Pods-ClinicNotes-frameworks.sh\"\n";
			showEnvVarsInLog = 0;
		};
/* End PBXShellScriptBuildPhase section */

/* Begin PBXSourcesBuildPhase section */
		FA7952BA25288C0D009D3315 /* Sources */ = {
			isa = PBXSourcesBuildPhase;
			buildActionMask = 2147483647;
			files = (
				FAE4267825377038005B0E73 /* NoteModel.swift in Sources */,
				FA7952EA25289092009D3315 /* CustomClinicCell.swift in Sources */,
				FA7952DD25288EA5009D3315 /* SignUpViewController.swift in Sources */,
				FA7952F3252891E8009D3315 /* DetailClinicViewController.swift in Sources */,
				FA7952D925288E59009D3315 /* LoginViewController.swift in Sources */,
				FA7952C225288C0D009D3315 /* AppDelegate.swift in Sources */,
				FA7952FB25292370009D3315 /* DevicesViewController.swift in Sources */,
				FAE4267225376389005B0E73 /* CustomDeviceCell.swift in Sources */,
				FA7952F1252891DB009D3315 /* ClinicViewController.swift in Sources */,
				FA7952F72528A124009D3315 /* MyRef.swift in Sources */,
				FA2CBA41253F12E900CB0A28 /* CustomRecentsCell.swift in Sources */,
				FA7952C425288C0D009D3315 /* SceneDelegate.swift in Sources */,
				FA7952E32528907D009D3315 /* Extansions.swift in Sources */,
				FABB3F7B252F73DC00A828D8 /* MapViewController.swift in Sources */,
				FAE426742537685A005B0E73 /* NotesViewController.swift in Sources */,
				FA7952DB25288E96009D3315 /* SignInViewController.swift in Sources */,
				FAE4267625376D5F005B0E73 /* NewNotesViewController.swift in Sources */,
				FAEC5416253E4FB300F9A18A /* RecentsViewController.swift in Sources */,
				FA7952CC25288C0D009D3315 /* ClinicNotes.xcdatamodeld in Sources */,
				FA5622882534E86800DBCFC5 /* DeviceModel.swift in Sources */,
				FABB3F7D252F9C1D00A828D8 /* MapManager.swift in Sources */,
				FA2CBA43253F930B00CB0A28 /* UserProfile.swift in Sources */,
				FA7952E925289092009D3315 /* ClinicModel.swift in Sources */,
				FA34B6482535E66500B0A619 /* NewDeviceViewController.swift in Sources */,
			);
			runOnlyForDeploymentPostprocessing = 0;
		};
/* End PBXSourcesBuildPhase section */

/* Begin PBXVariantGroup section */
		FA7952C725288C0D009D3315 /* Main.storyboard */ = {
			isa = PBXVariantGroup;
			children = (
				FA7952C825288C0D009D3315 /* Base */,
			);
			name = Main.storyboard;
			sourceTree = "<group>";
		};
		FA7952CF25288C0F009D3315 /* LaunchScreen.storyboard */ = {
			isa = PBXVariantGroup;
			children = (
				FA7952D025288C0F009D3315 /* Base */,
			);
			name = LaunchScreen.storyboard;
			sourceTree = "<group>";
		};
/* End PBXVariantGroup section */

/* Begin XCBuildConfiguration section */
		FA7952D325288C0F009D3315 /* Debug */ = {
			isa = XCBuildConfiguration;
			buildSettings = {
				ALWAYS_SEARCH_USER_PATHS = NO;
				CLANG_ANALYZER_NONNULL = YES;
				CLANG_ANALYZER_NUMBER_OBJECT_CONVERSION = YES_AGGRESSIVE;
				CLANG_CXX_LANGUAGE_STANDARD = "gnu++14";
				CLANG_CXX_LIBRARY = "libc++";
				CLANG_ENABLE_MODULES = YES;
				CLANG_ENABLE_OBJC_ARC = YES;
				CLANG_ENABLE_OBJC_WEAK = YES;
				CLANG_WARN_BLOCK_CAPTURE_AUTORELEASING = YES;
				CLANG_WARN_BOOL_CONVERSION = YES;
				CLANG_WARN_COMMA = YES;
				CLANG_WARN_CONSTANT_CONVERSION = YES;
				CLANG_WARN_DEPRECATED_OBJC_IMPLEMENTATIONS = YES;
				CLANG_WARN_DIRECT_OBJC_ISA_USAGE = YES_ERROR;
				CLANG_WARN_DOCUMENTATION_COMMENTS = YES;
				CLANG_WARN_EMPTY_BODY = YES;
				CLANG_WARN_ENUM_CONVERSION = YES;
				CLANG_WARN_INFINITE_RECURSION = YES;
				CLANG_WARN_INT_CONVERSION = YES;
				CLANG_WARN_NON_LITERAL_NULL_CONVERSION = YES;
				CLANG_WARN_OBJC_IMPLICIT_RETAIN_SELF = YES;
				CLANG_WARN_OBJC_LITERAL_CONVERSION = YES;
				CLANG_WARN_OBJC_ROOT_CLASS = YES_ERROR;
				CLANG_WARN_RANGE_LOOP_ANALYSIS = YES;
				CLANG_WARN_STRICT_PROTOTYPES = YES;
				CLANG_WARN_SUSPICIOUS_MOVE = YES;
				CLANG_WARN_UNGUARDED_AVAILABILITY = YES_AGGRESSIVE;
				CLANG_WARN_UNREACHABLE_CODE = YES;
				CLANG_WARN__DUPLICATE_METHOD_MATCH = YES;
				COPY_PHASE_STRIP = NO;
				DEBUG_INFORMATION_FORMAT = dwarf;
				ENABLE_STRICT_OBJC_MSGSEND = YES;
				ENABLE_TESTABILITY = YES;
				GCC_C_LANGUAGE_STANDARD = gnu11;
				GCC_DYNAMIC_NO_PIC = NO;
				GCC_NO_COMMON_BLOCKS = YES;
				GCC_OPTIMIZATION_LEVEL = 0;
				GCC_PREPROCESSOR_DEFINITIONS = (
					"DEBUG=1",
					"$(inherited)",
				);
				GCC_WARN_64_TO_32_BIT_CONVERSION = YES;
				GCC_WARN_ABOUT_RETURN_TYPE = YES_ERROR;
				GCC_WARN_UNDECLARED_SELECTOR = YES;
				GCC_WARN_UNINITIALIZED_AUTOS = YES_AGGRESSIVE;
				GCC_WARN_UNUSED_FUNCTION = YES;
				GCC_WARN_UNUSED_VARIABLE = YES;
				IPHONEOS_DEPLOYMENT_TARGET = 13.6;
				MTL_ENABLE_DEBUG_INFO = INCLUDE_SOURCE;
				MTL_FAST_MATH = YES;
				ONLY_ACTIVE_ARCH = YES;
				SDKROOT = iphoneos;
				SWIFT_ACTIVE_COMPILATION_CONDITIONS = DEBUG;
				SWIFT_OPTIMIZATION_LEVEL = "-Onone";
			};
			name = Debug;
		};
		FA7952D425288C0F009D3315 /* Release */ = {
			isa = XCBuildConfiguration;
			buildSettings = {
				ALWAYS_SEARCH_USER_PATHS = NO;
				CLANG_ANALYZER_NONNULL = YES;
				CLANG_ANALYZER_NUMBER_OBJECT_CONVERSION = YES_AGGRESSIVE;
				CLANG_CXX_LANGUAGE_STANDARD = "gnu++14";
				CLANG_CXX_LIBRARY = "libc++";
				CLANG_ENABLE_MODULES = YES;
				CLANG_ENABLE_OBJC_ARC = YES;
				CLANG_ENABLE_OBJC_WEAK = YES;
				CLANG_WARN_BLOCK_CAPTURE_AUTORELEASING = YES;
				CLANG_WARN_BOOL_CONVERSION = YES;
				CLANG_WARN_COMMA = YES;
				CLANG_WARN_CONSTANT_CONVERSION = YES;
				CLANG_WARN_DEPRECATED_OBJC_IMPLEMENTATIONS = YES;
				CLANG_WARN_DIRECT_OBJC_ISA_USAGE = YES_ERROR;
				CLANG_WARN_DOCUMENTATION_COMMENTS = YES;
				CLANG_WARN_EMPTY_BODY = YES;
				CLANG_WARN_ENUM_CONVERSION = YES;
				CLANG_WARN_INFINITE_RECURSION = YES;
				CLANG_WARN_INT_CONVERSION = YES;
				CLANG_WARN_NON_LITERAL_NULL_CONVERSION = YES;
				CLANG_WARN_OBJC_IMPLICIT_RETAIN_SELF = YES;
				CLANG_WARN_OBJC_LITERAL_CONVERSION = YES;
				CLANG_WARN_OBJC_ROOT_CLASS = YES_ERROR;
				CLANG_WARN_RANGE_LOOP_ANALYSIS = YES;
				CLANG_WARN_STRICT_PROTOTYPES = YES;
				CLANG_WARN_SUSPICIOUS_MOVE = YES;
				CLANG_WARN_UNGUARDED_AVAILABILITY = YES_AGGRESSIVE;
				CLANG_WARN_UNREACHABLE_CODE = YES;
				CLANG_WARN__DUPLICATE_METHOD_MATCH = YES;
				COPY_PHASE_STRIP = NO;
				DEBUG_INFORMATION_FORMAT = "dwarf-with-dsym";
				ENABLE_NS_ASSERTIONS = NO;
				ENABLE_STRICT_OBJC_MSGSEND = YES;
				GCC_C_LANGUAGE_STANDARD = gnu11;
				GCC_NO_COMMON_BLOCKS = YES;
				GCC_WARN_64_TO_32_BIT_CONVERSION = YES;
				GCC_WARN_ABOUT_RETURN_TYPE = YES_ERROR;
				GCC_WARN_UNDECLARED_SELECTOR = YES;
				GCC_WARN_UNINITIALIZED_AUTOS = YES_AGGRESSIVE;
				GCC_WARN_UNUSED_FUNCTION = YES;
				GCC_WARN_UNUSED_VARIABLE = YES;
				IPHONEOS_DEPLOYMENT_TARGET = 13.6;
				MTL_ENABLE_DEBUG_INFO = NO;
				MTL_FAST_MATH = YES;
				SDKROOT = iphoneos;
				SWIFT_COMPILATION_MODE = wholemodule;
				SWIFT_OPTIMIZATION_LEVEL = "-O";
				VALIDATE_PRODUCT = YES;
			};
			name = Release;
		};
		FA7952D625288C0F009D3315 /* Debug */ = {
			isa = XCBuildConfiguration;
			baseConfigurationReference = 0A5E5422408EA9AF4EFD0082 /* Pods-ClinicNotes.debug.xcconfig */;
			buildSettings = {
				ASSETCATALOG_COMPILER_APPICON_NAME = AppIcon;
				CODE_SIGN_STYLE = Automatic;
				DEVELOPMENT_TEAM = 2X8YNNXF4Y;
				INFOPLIST_FILE = ClinicNotes/Info.plist;
				IPHONEOS_DEPLOYMENT_TARGET = 13.5;
				LD_RUNPATH_SEARCH_PATHS = (
					"$(inherited)",
					"@executable_path/Frameworks",
				);
				PRODUCT_BUNDLE_IDENTIFIER = Labix.ClinicNotes;
				PRODUCT_NAME = "$(TARGET_NAME)";
				SWIFT_VERSION = 5.0;
				TARGETED_DEVICE_FAMILY = 1;
			};
			name = Debug;
		};
		FA7952D725288C0F009D3315 /* Release */ = {
			isa = XCBuildConfiguration;
			baseConfigurationReference = 64F4855C1D16D7059E76FC28 /* Pods-ClinicNotes.release.xcconfig */;
			buildSettings = {
				ASSETCATALOG_COMPILER_APPICON_NAME = AppIcon;
				CODE_SIGN_STYLE = Automatic;
				DEVELOPMENT_TEAM = 2X8YNNXF4Y;
				INFOPLIST_FILE = ClinicNotes/Info.plist;
				IPHONEOS_DEPLOYMENT_TARGET = 13.5;
				LD_RUNPATH_SEARCH_PATHS = (
					"$(inherited)",
					"@executable_path/Frameworks",
				);
				PRODUCT_BUNDLE_IDENTIFIER = Labix.ClinicNotes;
				PRODUCT_NAME = "$(TARGET_NAME)";
				SWIFT_VERSION = 5.0;
				TARGETED_DEVICE_FAMILY = 1;
			};
			name = Release;
		};
/* End XCBuildConfiguration section */

/* Begin XCConfigurationList section */
		FA7952B925288C0D009D3315 /* Build configuration list for PBXProject "ClinicNotes" */ = {
			isa = XCConfigurationList;
			buildConfigurations = (
				FA7952D325288C0F009D3315 /* Debug */,
				FA7952D425288C0F009D3315 /* Release */,
			);
			defaultConfigurationIsVisible = 0;
			defaultConfigurationName = Release;
		};
		FA7952D525288C0F009D3315 /* Build configuration list for PBXNativeTarget "ClinicNotes" */ = {
			isa = XCConfigurationList;
			buildConfigurations = (
				FA7952D625288C0F009D3315 /* Debug */,
				FA7952D725288C0F009D3315 /* Release */,
			);
			defaultConfigurationIsVisible = 0;
			defaultConfigurationName = Release;
		};
/* End XCConfigurationList section */

/* Begin XCVersionGroup section */
		FA7952CA25288C0D009D3315 /* ClinicNotes.xcdatamodeld */ = {
			isa = XCVersionGroup;
			children = (
				FA7952CB25288C0D009D3315 /* ClinicNotes.xcdatamodel */,
			);
			currentVersion = FA7952CB25288C0D009D3315 /* ClinicNotes.xcdatamodel */;
			path = ClinicNotes.xcdatamodeld;
			sourceTree = "<group>";
			versionGroupType = wrapper.xcdatamodel;
		};
/* End XCVersionGroup section */
	};
	rootObject = FA7952B625288C0D009D3315 /* Project object */;
}
